// !$*UTF8*$!
{
	archiveVersion = 1;
	classes = {
	};
	objectVersion = 56;
	objects = {

/* Begin PBXBuildFile section */
		54E2F7912B58BDC7001EE3C5 /* AppDelegate.swift in Sources */ = {isa = PBXBuildFile; fileRef = 54E2F7902B58BDC7001EE3C5 /* AppDelegate.swift */; };
		54E2F7932B58BDC7001EE3C5 /* SceneDelegate.swift in Sources */ = {isa = PBXBuildFile; fileRef = 54E2F7922B58BDC7001EE3C5 /* SceneDelegate.swift */; };
		54E2F7952B58BDC7001EE3C5 /* ViewController.swift in Sources */ = {isa = PBXBuildFile; fileRef = 54E2F7942B58BDC7001EE3C5 /* ViewController.swift */; };
		54E2F7982B58BDC7001EE3C5 /* Main.storyboard in Resources */ = {isa = PBXBuildFile; fileRef = 54E2F7962B58BDC7001EE3C5 /* Main.storyboard */; };
		54E2F79A2B58BDC9001EE3C5 /* Assets.xcassets in Resources */ = {isa = PBXBuildFile; fileRef = 54E2F7992B58BDC9001EE3C5 /* Assets.xcassets */; };
		54E2F79D2B58BDC9001EE3C5 /* LaunchScreen.storyboard in Resources */ = {isa = PBXBuildFile; fileRef = 54E2F79B2B58BDC9001EE3C5 /* LaunchScreen.storyboard */; };
		54E2F7A82B58BDC9001EE3C5 /* LAB2Tests.swift in Sources */ = {isa = PBXBuildFile; fileRef = 54E2F7A72B58BDC9001EE3C5 /* LAB2Tests.swift */; };
		54E2F7B22B58BDC9001EE3C5 /* LAB2UITests.swift in Sources */ = {isa = PBXBuildFile; fileRef = 54E2F7B12B58BDC9001EE3C5 /* LAB2UITests.swift */; };
		54E2F7B42B58BDC9001EE3C5 /* LAB2UITestsLaunchTests.swift in Sources */ = {isa = PBXBuildFile; fileRef = 54E2F7B32B58BDC9001EE3C5 /* LAB2UITestsLaunchTests.swift */; };
		54E2F7C42B58BE1E001EE3C5 /* DataStore.swift in Sources */ = {isa = PBXBuildFile; fileRef = 54E2F7C32B58BE1E001EE3C5 /* DataStore.swift */; };
/* End PBXBuildFile section */

/* Begin PBXContainerItemProxy section */
		54E2F7A42B58BDC9001EE3C5 /* PBXContainerItemProxy */ = {
			isa = PBXContainerItemProxy;
			containerPortal = 54E2F7852B58BDC7001EE3C5 /* Project object */;
			proxyType = 1;
			remoteGlobalIDString = 54E2F78C2B58BDC7001EE3C5;
			remoteInfo = LAB2;
		};
		54E2F7AE2B58BDC9001EE3C5 /* PBXContainerItemProxy */ = {
			isa = PBXContainerItemProxy;
			containerPortal = 54E2F7852B58BDC7001EE3C5 /* Project object */;
			proxyType = 1;
			remoteGlobalIDString = 54E2F78C2B58BDC7001EE3C5;
			remoteInfo = LAB2;
		};
/* End PBXContainerItemProxy section */

/* Begin PBXFileReference section */
		54E2F78D2B58BDC7001EE3C5 /* LAB2.app */ = {isa = PBXFileReference; explicitFileType = wrapper.application; includeInIndex = 0; path = LAB2.app; sourceTree = BUILT_PRODUCTS_DIR; };
		54E2F7902B58BDC7001EE3C5 /* AppDelegate.swift */ = {isa = PBXFileReference; lastKnownFileType = sourcecode.swift; path = AppDelegate.swift; sourceTree = "<group>"; };
		54E2F7922B58BDC7001EE3C5 /* SceneDelegate.swift */ = {isa = PBXFileReference; lastKnownFileType = sourcecode.swift; path = SceneDelegate.swift; sourceTree = "<group>"; };
		54E2F7942B58BDC7001EE3C5 /* ViewController.swift */ = {isa = PBXFileReference; lastKnownFileType = sourcecode.swift; path = ViewController.swift; sourceTree = "<group>"; };
		54E2F7972B58BDC7001EE3C5 /* Base */ = {isa = PBXFileReference; lastKnownFileType = file.storyboard; name = Base; path = Base.lproj/Main.storyboard; sourceTree = "<group>"; };
		54E2F7992B58BDC9001EE3C5 /* Assets.xcassets */ = {isa = PBXFileReference; lastKnownFileType = folder.assetcatalog; path = Assets.xcassets; sourceTree = "<group>"; };
		54E2F79C2B58BDC9001EE3C5 /* Base */ = {isa = PBXFileReference; lastKnownFileType = file.storyboard; name = Base; path = Base.lproj/LaunchScreen.storyboard; sourceTree = "<group>"; };
		54E2F79E2B58BDC9001EE3C5 /* Info.plist */ = {isa = PBXFileReference; lastKnownFileType = text.plist.xml; path = Info.plist; sourceTree = "<group>"; };
		54E2F7A32B58BDC9001EE3C5 /* LAB2Tests.xctest */ = {isa = PBXFileReference; explicitFileType = wrapper.cfbundle; includeInIndex = 0; path = LAB2Tests.xctest; sourceTree = BUILT_PRODUCTS_DIR; };
		54E2F7A72B58BDC9001EE3C5 /* LAB2Tests.swift */ = {isa = PBXFileReference; lastKnownFileType = sourcecode.swift; path = LAB2Tests.swift; sourceTree = "<group>"; };
		54E2F7AD2B58BDC9001EE3C5 /* LAB2UITests.xctest */ = {isa = PBXFileReference; explicitFileType = wrapper.cfbundle; includeInIndex = 0; path = LAB2UITests.xctest; sourceTree = BUILT_PRODUCTS_DIR; };
		54E2F7B12B58BDC9001EE3C5 /* LAB2UITests.swift */ = {isa = PBXFileReference; lastKnownFileType = sourcecode.swift; path = LAB2UITests.swift; sourceTree = "<group>"; };
		54E2F7B32B58BDC9001EE3C5 /* LAB2UITestsLaunchTests.swift */ = {isa = PBXFileReference; lastKnownFileType = sourcecode.swift; path = LAB2UITestsLaunchTests.swift; sourceTree = "<group>"; };
		54E2F7C32B58BE1E001EE3C5 /* DataStore.swift */ = {isa = PBXFileReference; lastKnownFileType = sourcecode.swift; path = DataStore.swift; sourceTree = "<group>"; };
/* End PBXFileReference section */

/* Begin PBXFrameworksBuildPhase section */
		54E2F78A2B58BDC7001EE3C5 /* Frameworks */ = {
			isa = PBXFrameworksBuildPhase;
			buildActionMask = 2147483647;
			files = (
			);
			runOnlyForDeploymentPostprocessing = 0;
		};
		54E2F7A02B58BDC9001EE3C5 /* Frameworks */ = {
			isa = PBXFrameworksBuildPhase;
			buildActionMask = 2147483647;
			files = (
			);
			runOnlyForDeploymentPostprocessing = 0;
		};
		54E2F7AA2B58BDC9001EE3C5 /* Frameworks */ = {
			isa = PBXFrameworksBuildPhase;
			buildActionMask = 2147483647;
			files = (
			);
			runOnlyForDeploymentPostprocessing = 0;
		};
/* End PBXFrameworksBuildPhase section */

/* Begin PBXGroup section */
		54E2F7842B58BDC7001EE3C5 = {
			isa = PBXGroup;
			children = (
				54E2F78F2B58BDC7001EE3C5 /* LAB2 */,
				54E2F7A62B58BDC9001EE3C5 /* LAB2Tests */,
				54E2F7B02B58BDC9001EE3C5 /* LAB2UITests */,
				54E2F78E2B58BDC7001EE3C5 /* Products */,
			);
			sourceTree = "<group>";
		};
		54E2F78E2B58BDC7001EE3C5 /* Products */ = {
			isa = PBXGroup;
			children = (
				54E2F78D2B58BDC7001EE3C5 /* LAB2.app */,
				54E2F7A32B58BDC9001EE3C5 /* LAB2Tests.xctest */,
				54E2F7AD2B58BDC9001EE3C5 /* LAB2UITests.xctest */,
			);
			name = Products;
			sourceTree = "<group>";
		};
		54E2F78F2B58BDC7001EE3C5 /* LAB2 */ = {
			isa = PBXGroup;
			children = (
				54E2F7902B58BDC7001EE3C5 /* AppDelegate.swift */,
				54E2F7922B58BDC7001EE3C5 /* SceneDelegate.swift */,
				54E2F7C22B58BDFC001EE3C5 /* Model */,
				54E2F7C12B58BDE1001EE3C5 /* Controller */,
				54E2F7C02B58BDD6001EE3C5 /* View */,
				54E2F7992B58BDC9001EE3C5 /* Assets.xcassets */,
				54E2F79B2B58BDC9001EE3C5 /* LaunchScreen.storyboard */,
				54E2F79E2B58BDC9001EE3C5 /* Info.plist */,
			);
			path = LAB2;
			sourceTree = "<group>";
		};
		54E2F7A62B58BDC9001EE3C5 /* LAB2Tests */ = {
			isa = PBXGroup;
			children = (
				54E2F7A72B58BDC9001EE3C5 /* LAB2Tests.swift */,
			);
			path = LAB2Tests;
			sourceTree = "<group>";
		};
		54E2F7B02B58BDC9001EE3C5 /* LAB2UITests */ = {
			isa = PBXGroup;
			children = (
				54E2F7B12B58BDC9001EE3C5 /* LAB2UITests.swift */,
				54E2F7B32B58BDC9001EE3C5 /* LAB2UITestsLaunchTests.swift */,
			);
			path = LAB2UITests;
			sourceTree = "<group>";
		};
		54E2F7C02B58BDD6001EE3C5 /* View */ = {
			isa = PBXGroup;
			children = (
				54E2F7962B58BDC7001EE3C5 /* Main.storyboard */,
			);
			path = View;
			sourceTree = "<group>";
		};
		54E2F7C12B58BDE1001EE3C5 /* Controller */ = {
			isa = PBXGroup;
			children = (
				54E2F7942B58BDC7001EE3C5 /* ViewController.swift */,
			);
			path = Controller;
			sourceTree = "<group>";
		};
		54E2F7C22B58BDFC001EE3C5 /* Model */ = {
			isa = PBXGroup;
			children = (
				54E2F7C32B58BE1E001EE3C5 /* DataStore.swift */,
			);
			path = Model;
			sourceTree = "<group>";
		};
/* End PBXGroup section */

/* Begin PBXNativeTarget section */
		54E2F78C2B58BDC7001EE3C5 /* LAB2 */ = {
			isa = PBXNativeTarget;
			buildConfigurationList = 54E2F7B72B58BDC9001EE3C5 /* Build configuration list for PBXNativeTarget "LAB2" */;
			buildPhases = (
				54E2F7892B58BDC7001EE3C5 /* Sources */,
				54E2F78A2B58BDC7001EE3C5 /* Frameworks */,
				54E2F78B2B58BDC7001EE3C5 /* Resources */,
			);
			buildRules = (
			);
			dependencies = (
			);
			name = LAB2;
			productName = LAB2;
			productReference = 54E2F78D2B58BDC7001EE3C5 /* LAB2.app */;
			productType = "com.apple.product-type.application";
		};
		54E2F7A22B58BDC9001EE3C5 /* LAB2Tests */ = {
			isa = PBXNativeTarget;
			buildConfigurationList = 54E2F7BA2B58BDC9001EE3C5 /* Build configuration list for PBXNativeTarget "LAB2Tests" */;
			buildPhases = (
				54E2F79F2B58BDC9001EE3C5 /* Sources */,
				54E2F7A02B58BDC9001EE3C5 /* Frameworks */,
				54E2F7A12B58BDC9001EE3C5 /* Resources */,
			);
			buildRules = (
			);
			dependencies = (
				54E2F7A52B58BDC9001EE3C5 /* PBXTargetDependency */,
			);
			name = LAB2Tests;
			productName = LAB2Tests;
			productReference = 54E2F7A32B58BDC9001EE3C5 /* LAB2Tests.xctest */;
			productType = "com.apple.product-type.bundle.unit-test";
		};
		54E2F7AC2B58BDC9001EE3C5 /* LAB2UITests */ = {
			isa = PBXNativeTarget;
			buildConfigurationList = 54E2F7BD2B58BDC9001EE3C5 /* Build configuration list for PBXNativeTarget "LAB2UITests" */;
			buildPhases = (
				54E2F7A92B58BDC9001EE3C5 /* Sources */,
				54E2F7AA2B58BDC9001EE3C5 /* Frameworks */,
				54E2F7AB2B58BDC9001EE3C5 /* Resources */,
			);
			buildRules = (
			);
			dependencies = (
				54E2F7AF2B58BDC9001EE3C5 /* PBXTargetDependency */,
			);
			name = LAB2UITests;
			productName = LAB2UITests;
			productReference = 54E2F7AD2B58BDC9001EE3C5 /* LAB2UITests.xctest */;
			productType = "com.apple.product-type.bundle.ui-testing";
		};
/* End PBXNativeTarget section */

/* Begin PBXProject section */
		54E2F7852B58BDC7001EE3C5 /* Project object */ = {
			isa = PBXProject;
			attributes = {
				BuildIndependentTargetsInParallel = 1;
				LastSwiftUpdateCheck = 1420;
				LastUpgradeCheck = 1420;
				TargetAttributes = {
					54E2F78C2B58BDC7001EE3C5 = {
						CreatedOnToolsVersion = 14.2;
					};
					54E2F7A22B58BDC9001EE3C5 = {
						CreatedOnToolsVersion = 14.2;
						TestTargetID = 54E2F78C2B58BDC7001EE3C5;
					};
					54E2F7AC2B58BDC9001EE3C5 = {
						CreatedOnToolsVersion = 14.2;
						TestTargetID = 54E2F78C2B58BDC7001EE3C5;
					};
				};
			};
			buildConfigurationList = 54E2F7882B58BDC7001EE3C5 /* Build configuration list for PBXProject "LAB2" */;
			compatibilityVersion = "Xcode 14.0";
			developmentRegion = en;
			hasScannedForEncodings = 0;
			knownRegions = (
				en,
				Base,
			);
			mainGroup = 54E2F7842B58BDC7001EE3C5;
			productRefGroup = 54E2F78E2B58BDC7001EE3C5 /* Products */;
			projectDirPath = "";
			projectRoot = "";
			targets = (
				54E2F78C2B58BDC7001EE3C5 /* LAB2 */,
				54E2F7A22B58BDC9001EE3C5 /* LAB2Tests */,
				54E2F7AC2B58BDC9001EE3C5 /* LAB2UITests */,
			);
		};
/* End PBXProject section */

/* Begin PBXResourcesBuildPhase section */
		54E2F78B2B58BDC7001EE3C5 /* Resources */ = {
			isa = PBXResourcesBuildPhase;
			buildActionMask = 2147483647;
			files = (
				54E2F79D2B58BDC9001EE3C5 /* LaunchScreen.storyboard in Resources */,
				54E2F79A2B58BDC9001EE3C5 /* Assets.xcassets in Resources */,
				54E2F7982B58BDC7001EE3C5 /* Main.storyboard in Resources */,
			);
			runOnlyForDeploymentPostprocessing = 0;
		};
		54E2F7A12B58BDC9001EE3C5 /* Resources */ = {
			isa = PBXResourcesBuildPhase;
			buildActionMask = 2147483647;
			files = (
			);
			runOnlyForDeploymentPostprocessing = 0;
		};
		54E2F7AB2B58BDC9001EE3C5 /* Resources */ = {
			isa = PBXResourcesBuildPhase;
			buildActionMask = 2147483647;
			files = (
			);
			runOnlyForDeploymentPostprocessing = 0;
		};
/* End PBXResourcesBuildPhase section */

/* Begin PBXSourcesBuildPhase section */
		54E2F7892B58BDC7001EE3C5 /* Sources */ = {
			isa = PBXSourcesBuildPhase;
			buildActionMask = 2147483647;
			files = (
				54E2F7952B58BDC7001EE3C5 /* ViewController.swift in Sources */,
				54E2F7C42B58BE1E001EE3C5 /* DataStore.swift in Sources */,
				54E2F7912B58BDC7001EE3C5 /* AppDelegate.swift in Sources */,
				54E2F7932B58BDC7001EE3C5 /* SceneDelegate.swift in Sources */,
			);
			runOnlyForDeploymentPostprocessing = 0;
		};
		54E2F79F2B58BDC9001EE3C5 /* Sources */ = {
			isa = PBXSourcesBuildPhase;
			buildActionMask = 2147483647;
			files = (
				54E2F7A82B58BDC9001EE3C5 /* LAB2Tests.swift in Sources */,
			);
			runOnlyForDeploymentPostprocessing = 0;
		};
		54E2F7A92B58BDC9001EE3C5 /* Sources */ = {
			isa = PBXSourcesBuildPhase;
			buildActionMask = 2147483647;
			files = (
				54E2F7B22B58BDC9001EE3C5 /* LAB2UITests.swift in Sources */,
				54E2F7B42B58BDC9001EE3C5 /* LAB2UITestsLaunchTests.swift in Sources */,
			);
			runOnlyForDeploymentPostprocessing = 0;
		};
/* End PBXSourcesBuildPhase section */

/* Begin PBXTargetDependency section */
		54E2F7A52B58BDC9001EE3C5 /* PBXTargetDependency */ = {
			isa = PBXTargetDependency;
			target = 54E2F78C2B58BDC7001EE3C5 /* LAB2 */;
			targetProxy = 54E2F7A42B58BDC9001EE3C5 /* PBXContainerItemProxy */;
		};
		54E2F7AF2B58BDC9001EE3C5 /* PBXTargetDependency */ = {
			isa = PBXTargetDependency;
			target = 54E2F78C2B58BDC7001EE3C5 /* LAB2 */;
			targetProxy = 54E2F7AE2B58BDC9001EE3C5 /* PBXContainerItemProxy */;
		};
/* End PBXTargetDependency section */

/* Begin PBXVariantGroup section */
		54E2F7962B58BDC7001EE3C5 /* Main.storyboard */ = {
			isa = PBXVariantGroup;
			children = (
				54E2F7972B58BDC7001EE3C5 /* Base */,
			);
			name = Main.storyboard;
			sourceTree = "<group>";
		};
		54E2F79B2B58BDC9001EE3C5 /* LaunchScreen.storyboard */ = {
			isa = PBXVariantGroup;
			children = (
				54E2F79C2B58BDC9001EE3C5 /* Base */,
			);
			name = LaunchScreen.storyboard;
			sourceTree = "<group>";
		};
/* End PBXVariantGroup section */

/* Begin XCBuildConfiguration section */
		54E2F7B52B58BDC9001EE3C5 /* Debug */ = {
			isa = XCBuildConfiguration;
			buildSettings = {
				ALWAYS_SEARCH_USER_PATHS = NO;
				CLANG_ANALYZER_NONNULL = YES;
				CLANG_ANALYZER_NUMBER_OBJECT_CONVERSION = YES_AGGRESSIVE;
				CLANG_CXX_LANGUAGE_STANDARD = "gnu++20";
				CLANG_ENABLE_MODULES = YES;
				CLANG_ENABLE_OBJC_ARC = YES;
				CLANG_ENABLE_OBJC_WEAK = YES;
				CLANG_WARN_BLOCK_CAPTURE_AUTORELEASING = YES;
				CLANG_WARN_BOOL_CONVERSION = YES;
				CLANG_WARN_COMMA = YES;
				CLANG_WARN_CONSTANT_CONVERSION = YES;
				CLANG_WARN_DEPRECATED_OBJC_IMPLEMENTATIONS = YES;
				CLANG_WARN_DIRECT_OBJC_ISA_USAGE = YES_ERROR;
				CLANG_WARN_DOCUMENTATION_COMMENTS = YES;
				CLANG_WARN_EMPTY_BODY = YES;
				CLANG_WARN_ENUM_CONVERSION = YES;
				CLANG_WARN_INFINITE_RECURSION = YES;
				CLANG_WARN_INT_CONVERSION = YES;
				CLANG_WARN_NON_LITERAL_NULL_CONVERSION = YES;
				CLANG_WARN_OBJC_IMPLICIT_RETAIN_SELF = YES;
				CLANG_WARN_OBJC_LITERAL_CONVERSION = YES;
				CLANG_WARN_OBJC_ROOT_CLASS = YES_ERROR;
				CLANG_WARN_QUOTED_INCLUDE_IN_FRAMEWORK_HEADER = YES;
				CLANG_WARN_RANGE_LOOP_ANALYSIS = YES;
				CLANG_WARN_STRICT_PROTOTYPES = YES;
				CLANG_WARN_SUSPICIOUS_MOVE = YES;
				CLANG_WARN_UNGUARDED_AVAILABILITY = YES_AGGRESSIVE;
				CLANG_WARN_UNREACHABLE_CODE = YES;
				CLANG_WARN__DUPLICATE_METHOD_MATCH = YES;
				COPY_PHASE_STRIP = NO;
				DEBUG_INFORMATION_FORMAT = dwarf;
				ENABLE_STRICT_OBJC_MSGSEND = YES;
				ENABLE_TESTABILITY = YES;
				GCC_C_LANGUAGE_STANDARD = gnu11;
				GCC_DYNAMIC_NO_PIC = NO;
				GCC_NO_COMMON_BLOCKS = YES;
				GCC_OPTIMIZATION_LEVEL = 0;
				GCC_PREPROCESSOR_DEFINITIONS = (
					"DEBUG=1",
					"$(inherited)",
				);
				GCC_WARN_64_TO_32_BIT_CONVERSION = YES;
				GCC_WARN_ABOUT_RETURN_TYPE = YES_ERROR;
				GCC_WARN_UNDECLARED_SELECTOR = YES;
				GCC_WARN_UNINITIALIZED_AUTOS = YES_AGGRESSIVE;
				GCC_WARN_UNUSED_FUNCTION = YES;
				GCC_WARN_UNUSED_VARIABLE = YES;
				IPHONEOS_DEPLOYMENT_TARGET = 16.2;
				MTL_ENABLE_DEBUG_INFO = INCLUDE_SOURCE;
				MTL_FAST_MATH = YES;
				ONLY_ACTIVE_ARCH = YES;
				SDKROOT = iphoneos;
				SWIFT_ACTIVE_COMPILATION_CONDITIONS = DEBUG;
				SWIFT_OPTIMIZATION_LEVEL = "-Onone";
			};
			name = Debug;
		};
		54E2F7B62B58BDC9001EE3C5 /* Release */ = {
			isa = XCBuildConfiguration;
			buildSettings = {
				ALWAYS_SEARCH_USER_PATHS = NO;
				CLANG_ANALYZER_NONNULL = YES;
				CLANG_ANALYZER_NUMBER_OBJECT_CONVERSION = YES_AGGRESSIVE;
				CLANG_CXX_LANGUAGE_STANDARD = "gnu++20";
				CLANG_ENABLE_MODULES = YES;
				CLANG_ENABLE_OBJC_ARC = YES;
				CLANG_ENABLE_OBJC_WEAK = YES;
				CLANG_WARN_BLOCK_CAPTURE_AUTORELEASING = YES;
				CLANG_WARN_BOOL_CONVERSION = YES;
				CLANG_WARN_COMMA = YES;
				CLANG_WARN_CONSTANT_CONVERSION = YES;
				CLANG_WARN_DEPRECATED_OBJC_IMPLEMENTATIONS = YES;
				CLANG_WARN_DIRECT_OBJC_ISA_USAGE = YES_ERROR;
				CLANG_WARN_DOCUMENTATION_COMMENTS = YES;
				CLANG_WARN_EMPTY_BODY = YES;
				CLANG_WARN_ENUM_CONVERSION = YES;
				CLANG_WARN_INFINITE_RECURSION = YES;
				CLANG_WARN_INT_CONVERSION = YES;
				CLANG_WARN_NON_LITERAL_NULL_CONVERSION = YES;
				CLANG_WARN_OBJC_IMPLICIT_RETAIN_SELF = YES;
				CLANG_WARN_OBJC_LITERAL_CONVERSION = YES;
				CLANG_WARN_OBJC_ROOT_CLASS = YES_ERROR;
				CLANG_WARN_QUOTED_INCLUDE_IN_FRAMEWORK_HEADER = YES;
				CLANG_WARN_RANGE_LOOP_ANALYSIS = YES;
				CLANG_WARN_STRICT_PROTOTYPES = YES;
				CLANG_WARN_SUSPICIOUS_MOVE = YES;
				CLANG_WARN_UNGUARDED_AVAILABILITY = YES_AGGRESSIVE;
				CLANG_WARN_UNREACHABLE_CODE = YES;
				CLANG_WARN__DUPLICATE_METHOD_MATCH = YES;
				COPY_PHASE_STRIP = NO;
				DEBUG_INFORMATION_FORMAT = "dwarf-with-dsym";
				ENABLE_NS_ASSERTIONS = NO;
				ENABLE_STRICT_OBJC_MSGSEND = YES;
				GCC_C_LANGUAGE_STANDARD = gnu11;
				GCC_NO_COMMON_BLOCKS = YES;
				GCC_WARN_64_TO_32_BIT_CONVERSION = YES;
				GCC_WARN_ABOUT_RETURN_TYPE = YES_ERROR;
				GCC_WARN_UNDECLARED_SELECTOR = YES;
				GCC_WARN_UNINITIALIZED_AUTOS = YES_AGGRESSIVE;
				GCC_WARN_UNUSED_FUNCTION = YES;
				GCC_WARN_UNUSED_VARIABLE = YES;
				IPHONEOS_DEPLOYMENT_TARGET = 16.2;
				MTL_ENABLE_DEBUG_INFO = NO;
				MTL_FAST_MATH = YES;
				SDKROOT = iphoneos;
				SWIFT_COMPILATION_MODE = wholemodule;
				SWIFT_OPTIMIZATION_LEVEL = "-O";
				VALIDATE_PRODUCT = YES;
			};
			name = Release;
		};
		54E2F7B82B58BDC9001EE3C5 /* Debug */ = {
			isa = XCBuildConfiguration;
			buildSettings = {
				ASSETCATALOG_COMPILER_APPICON_NAME = AppIcon;
				ASSETCATALOG_COMPILER_GLOBAL_ACCENT_COLOR_NAME = AccentColor;
				CODE_SIGN_STYLE = Automatic;
				CURRENT_PROJECT_VERSION = 1;
				GENERATE_INFOPLIST_FILE = YES;
				INFOPLIST_FILE = LAB2/Info.plist;
				INFOPLIST_KEY_UIApplicationSupportsIndirectInputEvents = YES;
				INFOPLIST_KEY_UILaunchStoryboardName = LaunchScreen;
				INFOPLIST_KEY_UIMainStoryboardFile = Main;
				INFOPLIST_KEY_UISupportedInterfaceOrientations_iPad = "UIInterfaceOrientationPortrait UIInterfaceOrientationPortraitUpsideDown UIInterfaceOrientationLandscapeLeft UIInterfaceOrientationLandscapeRight";
				INFOPLIST_KEY_UISupportedInterfaceOrientations_iPhone = "UIInterfaceOrientationPortrait UIInterfaceOrientationLandscapeLeft UIInterfaceOrientationLandscapeRight";
				LD_RUNPATH_SEARCH_PATHS = (
					"$(inherited)",
					"@executable_path/Frameworks",
				);
				MARKETING_VERSION = 1.0;
				PRODUCT_BUNDLE_IDENTIFIER = com.jan17.LAB2;
				PRODUCT_NAME = "$(TARGET_NAME)";
				SWIFT_EMIT_LOC_STRINGS = YES;
				SWIFT_VERSION = 5.0;
				TARGETED_DEVICE_FAMILY = "1,2";
			};
			name = Debug;
		};
		54E2F7B92B58BDC9001EE3C5 /* Release */ = {
			isa = XCBuildConfiguration;
			buildSettings = {
				ASSETCATALOG_COMPILER_APPICON_NAME = AppIcon;
				ASSETCATALOG_COMPILER_GLOBAL_ACCENT_COLOR_NAME = AccentColor;
				CODE_SIGN_STYLE = Automatic;
				CURRENT_PROJECT_VERSION = 1;
				GENERATE_INFOPLIST_FILE = YES;
				INFOPLIST_FILE = LAB2/Info.plist;
				INFOPLIST_KEY_UIApplicationSupportsIndirectInputEvents = YES;
				INFOPLIST_KEY_UILaunchStoryboardName = LaunchScreen;
				INFOPLIST_KEY_UIMainStoryboardFile = Main;
				INFOPLIST_KEY_UISupportedInterfaceOrientations_iPad = "UIInterfaceOrientationPortrait UIInterfaceOrientationPortraitUpsideDown UIInterfaceOrientationLandscapeLeft UIInterfaceOrientationLandscapeRight";
				INFOPLIST_KEY_UISupportedInterfaceOrientations_iPhone = "UIInterfaceOrientationPortrait UIInterfaceOrientationLandscapeLeft UIInterfaceOrientationLandscapeRight";
				LD_RUNPATH_SEARCH_PATHS = (
					"$(inherited)",
					"@executable_path/Frameworks",
				);
				MARKETING_VERSION = 1.0;
				PRODUCT_BUNDLE_IDENTIFIER = com.jan17.LAB2;
				PRODUCT_NAME = "$(TARGET_NAME)";
				SWIFT_EMIT_LOC_STRINGS = YES;
				SWIFT_VERSION = 5.0;
				TARGETED_DEVICE_FAMILY = "1,2";
			};
			name = Release;
		};
		54E2F7BB2B58BDC9001EE3C5 /* Debug */ = {
			isa = XCBuildConfiguration;
			buildSettings = {
				ALWAYS_EMBED_SWIFT_STANDARD_LIBRARIES = YES;
				BUNDLE_LOADER = "$(TEST_HOST)";
				CODE_SIGN_STYLE = Automatic;
				CURRENT_PROJECT_VERSION = 1;
				GENERATE_INFOPLIST_FILE = YES;
				IPHONEOS_DEPLOYMENT_TARGET = 16.2;
				MARKETING_VERSION = 1.0;
				PRODUCT_BUNDLE_IDENTIFIER = com.jan17.LAB2Tests;
				PRODUCT_NAME = "$(TARGET_NAME)";
				SWIFT_EMIT_LOC_STRINGS = NO;
				SWIFT_VERSION = 5.0;
				TARGETED_DEVICE_FAMILY = "1,2";
				TEST_HOST = "$(BUILT_PRODUCTS_DIR)/LAB2.app/$(BUNDLE_EXECUTABLE_FOLDER_PATH)/LAB2";
			};
			name = Debug;
		};
		54E2F7BC2B58BDC9001EE3C5 /* Release */ = {
			isa = XCBuildConfiguration;
			buildSettings = {
				ALWAYS_EMBED_SWIFT_STANDARD_LIBRARIES = YES;
				BUNDLE_LOADER = "$(TEST_HOST)";
				CODE_SIGN_STYLE = Automatic;
				CURRENT_PROJECT_VERSION = 1;
				GENERATE_INFOPLIST_FILE = YES;
				IPHONEOS_DEPLOYMENT_TARGET = 16.2;
				MARKETING_VERSION = 1.0;
				PRODUCT_BUNDLE_IDENTIFIER = com.jan17.LAB2Tests;
				PRODUCT_NAME = "$(TARGET_NAME)";
				SWIFT_EMIT_LOC_STRINGS = NO;
				SWIFT_VERSION = 5.0;
				TARGETED_DEVICE_FAMILY = "1,2";
				TEST_HOST = "$(BUILT_PRODUCTS_DIR)/LAB2.app/$(BUNDLE_EXECUTABLE_FOLDER_PATH)/LAB2";
			};
			name = Release;
		};
		54E2F7BE2B58BDC9001EE3C5 /* Debug */ = {
			isa = XCBuildConfiguration;
			buildSettings = {
				ALWAYS_EMBED_SWIFT_STANDARD_LIBRARIES = YES;
				CODE_SIGN_STYLE = Automatic;
				CURRENT_PROJECT_VERSION = 1;
				GENERATE_INFOPLIST_FILE = YES;
				MARKETING_VERSION = 1.0;
				PRODUCT_BUNDLE_IDENTIFIER = com.jan17.LAB2UITests;
				PRODUCT_NAME = "$(TARGET_NAME)";
				SWIFT_EMIT_LOC_STRINGS = NO;
				SWIFT_VERSION = 5.0;
				TARGETED_DEVICE_FAMILY = "1,2";
				TEST_TARGET_NAME = LAB2;
			};
			name = Debug;
		};
		54E2F7BF2B58BDC9001EE3C5 /* Release */ = {
			isa = XCBuildConfiguration;
			buildSettings = {
				ALWAYS_EMBED_SWIFT_STANDARD_LIBRARIES = YES;
				CODE_SIGN_STYLE = Automatic;
				CURRENT_PROJECT_VERSION = 1;
				GENERATE_INFOPLIST_FILE = YES;
				MARKETING_VERSION = 1.0;
				PRODUCT_BUNDLE_IDENTIFIER = com.jan17.LAB2UITests;
				PRODUCT_NAME = "$(TARGET_NAME)";
				SWIFT_EMIT_LOC_STRINGS = NO;
				SWIFT_VERSION = 5.0;
				TARGETED_DEVICE_FAMILY = "1,2";
				TEST_TARGET_NAME = LAB2;
			};
			name = Release;
		};
/* End XCBuildConfiguration section */

/* Begin XCConfigurationList section */
		54E2F7882B58BDC7001EE3C5 /* Build configuration list for PBXProject "LAB2" */ = {
			isa = XCConfigurationList;
			buildConfigurations = (
				54E2F7B52B58BDC9001EE3C5 /* Debug */,
				54E2F7B62B58BDC9001EE3C5 /* Release */,
			);
			defaultConfigurationIsVisible = 0;
			defaultConfigurationName = Release;
		};
		54E2F7B72B58BDC9001EE3C5 /* Build configuration list for PBXNativeTarget "LAB2" */ = {
			isa = XCConfigurationList;
			buildConfigurations = (
				54E2F7B82B58BDC9001EE3C5 /* Debug */,
				54E2F7B92B58BDC9001EE3C5 /* Release */,
			);
			defaultConfigurationIsVisible = 0;
			defaultConfigurationName = Release;
		};
		54E2F7BA2B58BDC9001EE3C5 /* Build configuration list for PBXNativeTarget "LAB2Tests" */ = {
			isa = XCConfigurationList;
			buildConfigurations = (
				54E2F7BB2B58BDC9001EE3C5 /* Debug */,
				54E2F7BC2B58BDC9001EE3C5 /* Release */,
			);
			defaultConfigurationIsVisible = 0;
			defaultConfigurationName = Release;
		};
		54E2F7BD2B58BDC9001EE3C5 /* Build configuration list for PBXNativeTarget "LAB2UITests" */ = {
			isa = XCConfigurationList;
			buildConfigurations = (
				54E2F7BE2B58BDC9001EE3C5 /* Debug */,
				54E2F7BF2B58BDC9001EE3C5 /* Release */,
			);
			defaultConfigurationIsVisible = 0;
			defaultConfigurationName = Release;
		};
/* End XCConfigurationList section */
	};
	rootObject = 54E2F7852B58BDC7001EE3C5 /* Project object */;
}
