// !$*UTF8*$!
{
	archiveVersion = 1;
	classes = {
	};
	objectVersion = 56;
	objects = {

/* Begin PBXBuildFile section */
		54A769FD2B4DFD8F006607FF /* AppDelegate.swift in Sources */ = {isa = PBXBuildFile; fileRef = 54A769FC2B4DFD8F006607FF /* AppDelegate.swift */; };
		54A769FF2B4DFD8F006607FF /* SceneDelegate.swift in Sources */ = {isa = PBXBuildFile; fileRef = 54A769FE2B4DFD8F006607FF /* SceneDelegate.swift */; };
		54A76A012B4DFD8F006607FF /* ViewController.swift in Sources */ = {isa = PBXBuildFile; fileRef = 54A76A002B4DFD8F006607FF /* ViewController.swift */; };
		54A76A042B4DFD8F006607FF /* Main.storyboard in Resources */ = {isa = PBXBuildFile; fileRef = 54A76A022B4DFD8F006607FF /* Main.storyboard */; };
		54A76A062B4DFD92006607FF /* Assets.xcassets in Resources */ = {isa = PBXBuildFile; fileRef = 54A76A052B4DFD92006607FF /* Assets.xcassets */; };
		54A76A092B4DFD92006607FF /* LaunchScreen.storyboard in Resources */ = {isa = PBXBuildFile; fileRef = 54A76A072B4DFD92006607FF /* LaunchScreen.storyboard */; };
		54A76A142B4DFD92006607FF /* Lab1Tests.swift in Sources */ = {isa = PBXBuildFile; fileRef = 54A76A132B4DFD92006607FF /* Lab1Tests.swift */; };
		54A76A1E2B4DFD92006607FF /* Lab1UITests.swift in Sources */ = {isa = PBXBuildFile; fileRef = 54A76A1D2B4DFD92006607FF /* Lab1UITests.swift */; };
		54A76A202B4DFD92006607FF /* Lab1UITestsLaunchTests.swift in Sources */ = {isa = PBXBuildFile; fileRef = 54A76A1F2B4DFD92006607FF /* Lab1UITestsLaunchTests.swift */; };
/* End PBXBuildFile section */

/* Begin PBXContainerItemProxy section */
		54A76A102B4DFD92006607FF /* PBXContainerItemProxy */ = {
			isa = PBXContainerItemProxy;
			containerPortal = 54A769F12B4DFD8F006607FF /* Project object */;
			proxyType = 1;
			remoteGlobalIDString = 54A769F82B4DFD8F006607FF;
			remoteInfo = Lab1;
		};
		54A76A1A2B4DFD92006607FF /* PBXContainerItemProxy */ = {
			isa = PBXContainerItemProxy;
			containerPortal = 54A769F12B4DFD8F006607FF /* Project object */;
			proxyType = 1;
			remoteGlobalIDString = 54A769F82B4DFD8F006607FF;
			remoteInfo = Lab1;
		};
/* End PBXContainerItemProxy section */

/* Begin PBXFileReference section */
		54A769F92B4DFD8F006607FF /* Lab1.app */ = {isa = PBXFileReference; explicitFileType = wrapper.application; includeInIndex = 0; path = Lab1.app; sourceTree = BUILT_PRODUCTS_DIR; };
		54A769FC2B4DFD8F006607FF /* AppDelegate.swift */ = {isa = PBXFileReference; lastKnownFileType = sourcecode.swift; path = AppDelegate.swift; sourceTree = "<group>"; };
		54A769FE2B4DFD8F006607FF /* SceneDelegate.swift */ = {isa = PBXFileReference; lastKnownFileType = sourcecode.swift; path = SceneDelegate.swift; sourceTree = "<group>"; };
		54A76A002B4DFD8F006607FF /* ViewController.swift */ = {isa = PBXFileReference; lastKnownFileType = sourcecode.swift; path = ViewController.swift; sourceTree = "<group>"; };
		54A76A032B4DFD8F006607FF /* Base */ = {isa = PBXFileReference; lastKnownFileType = file.storyboard; name = Base; path = Base.lproj/Main.storyboard; sourceTree = "<group>"; };
		54A76A052B4DFD92006607FF /* Assets.xcassets */ = {isa = PBXFileReference; lastKnownFileType = folder.assetcatalog; path = Assets.xcassets; sourceTree = "<group>"; };
		54A76A082B4DFD92006607FF /* Base */ = {isa = PBXFileReference; lastKnownFileType = file.storyboard; name = Base; path = Base.lproj/LaunchScreen.storyboard; sourceTree = "<group>"; };
		54A76A0A2B4DFD92006607FF /* Info.plist */ = {isa = PBXFileReference; lastKnownFileType = text.plist.xml; path = Info.plist; sourceTree = "<group>"; };
		54A76A0F2B4DFD92006607FF /* Lab1Tests.xctest */ = {isa = PBXFileReference; explicitFileType = wrapper.cfbundle; includeInIndex = 0; path = Lab1Tests.xctest; sourceTree = BUILT_PRODUCTS_DIR; };
		54A76A132B4DFD92006607FF /* Lab1Tests.swift */ = {isa = PBXFileReference; lastKnownFileType = sourcecode.swift; path = Lab1Tests.swift; sourceTree = "<group>"; };
		54A76A192B4DFD92006607FF /* Lab1UITests.xctest */ = {isa = PBXFileReference; explicitFileType = wrapper.cfbundle; includeInIndex = 0; path = Lab1UITests.xctest; sourceTree = BUILT_PRODUCTS_DIR; };
		54A76A1D2B4DFD92006607FF /* Lab1UITests.swift */ = {isa = PBXFileReference; lastKnownFileType = sourcecode.swift; path = Lab1UITests.swift; sourceTree = "<group>"; };
		54A76A1F2B4DFD92006607FF /* Lab1UITestsLaunchTests.swift */ = {isa = PBXFileReference; lastKnownFileType = sourcecode.swift; path = Lab1UITestsLaunchTests.swift; sourceTree = "<group>"; };
/* End PBXFileReference section */

/* Begin PBXFrameworksBuildPhase section */
		54A769F62B4DFD8F006607FF /* Frameworks */ = {
			isa = PBXFrameworksBuildPhase;
			buildActionMask = 2147483647;
			files = (
			);
			runOnlyForDeploymentPostprocessing = 0;
		};
		54A76A0C2B4DFD92006607FF /* Frameworks */ = {
			isa = PBXFrameworksBuildPhase;
			buildActionMask = 2147483647;
			files = (
			);
			runOnlyForDeploymentPostprocessing = 0;
		};
		54A76A162B4DFD92006607FF /* Frameworks */ = {
			isa = PBXFrameworksBuildPhase;
			buildActionMask = 2147483647;
			files = (
			);
			runOnlyForDeploymentPostprocessing = 0;
		};
/* End PBXFrameworksBuildPhase section */

/* Begin PBXGroup section */
		54A769F02B4DFD8F006607FF = {
			isa = PBXGroup;
			children = (
				54A769FB2B4DFD8F006607FF /* Lab1 */,
				54A76A122B4DFD92006607FF /* Lab1Tests */,
				54A76A1C2B4DFD92006607FF /* Lab1UITests */,
				54A769FA2B4DFD8F006607FF /* Products */,
			);
			sourceTree = "<group>";
		};
		54A769FA2B4DFD8F006607FF /* Products */ = {
			isa = PBXGroup;
			children = (
				54A769F92B4DFD8F006607FF /* Lab1.app */,
				54A76A0F2B4DFD92006607FF /* Lab1Tests.xctest */,
				54A76A192B4DFD92006607FF /* Lab1UITests.xctest */,
			);
			name = Products;
			sourceTree = "<group>";
		};
		54A769FB2B4DFD8F006607FF /* Lab1 */ = {
			isa = PBXGroup;
			children = (
				54A769FC2B4DFD8F006607FF /* AppDelegate.swift */,
				54A769FE2B4DFD8F006607FF /* SceneDelegate.swift */,
				54A76A002B4DFD8F006607FF /* ViewController.swift */,
				54A76A022B4DFD8F006607FF /* Main.storyboard */,
				54A76A052B4DFD92006607FF /* Assets.xcassets */,
				54A76A072B4DFD92006607FF /* LaunchScreen.storyboard */,
				54A76A0A2B4DFD92006607FF /* Info.plist */,
			);
			path = Lab1;
			sourceTree = "<group>";
		};
		54A76A122B4DFD92006607FF /* Lab1Tests */ = {
			isa = PBXGroup;
			children = (
				54A76A132B4DFD92006607FF /* Lab1Tests.swift */,
			);
			path = Lab1Tests;
			sourceTree = "<group>";
		};
		54A76A1C2B4DFD92006607FF /* Lab1UITests */ = {
			isa = PBXGroup;
			children = (
				54A76A1D2B4DFD92006607FF /* Lab1UITests.swift */,
				54A76A1F2B4DFD92006607FF /* Lab1UITestsLaunchTests.swift */,
			);
			path = Lab1UITests;
			sourceTree = "<group>";
		};
/* End PBXGroup section */

/* Begin PBXNativeTarget section */
		54A769F82B4DFD8F006607FF /* Lab1 */ = {
			isa = PBXNativeTarget;
			buildConfigurationList = 54A76A232B4DFD92006607FF /* Build configuration list for PBXNativeTarget "Lab1" */;
			buildPhases = (
				54A769F52B4DFD8F006607FF /* Sources */,
				54A769F62B4DFD8F006607FF /* Frameworks */,
				54A769F72B4DFD8F006607FF /* Resources */,
			);
			buildRules = (
			);
			dependencies = (
			);
			name = Lab1;
			productName = Lab1;
			productReference = 54A769F92B4DFD8F006607FF /* Lab1.app */;
			productType = "com.apple.product-type.application";
		};
		54A76A0E2B4DFD92006607FF /* Lab1Tests */ = {
			isa = PBXNativeTarget;
			buildConfigurationList = 54A76A262B4DFD92006607FF /* Build configuration list for PBXNativeTarget "Lab1Tests" */;
			buildPhases = (
				54A76A0B2B4DFD92006607FF /* Sources */,
				54A76A0C2B4DFD92006607FF /* Frameworks */,
				54A76A0D2B4DFD92006607FF /* Resources */,
			);
			buildRules = (
			);
			dependencies = (
				54A76A112B4DFD92006607FF /* PBXTargetDependency */,
			);
			name = Lab1Tests;
			productName = Lab1Tests;
			productReference = 54A76A0F2B4DFD92006607FF /* Lab1Tests.xctest */;
			productType = "com.apple.product-type.bundle.unit-test";
		};
		54A76A182B4DFD92006607FF /* Lab1UITests */ = {
			isa = PBXNativeTarget;
			buildConfigurationList = 54A76A292B4DFD92006607FF /* Build configuration list for PBXNativeTarget "Lab1UITests" */;
			buildPhases = (
				54A76A152B4DFD92006607FF /* Sources */,
				54A76A162B4DFD92006607FF /* Frameworks */,
				54A76A172B4DFD92006607FF /* Resources */,
			);
			buildRules = (
			);
			dependencies = (
				54A76A1B2B4DFD92006607FF /* PBXTargetDependency */,
			);
			name = Lab1UITests;
			productName = Lab1UITests;
			productReference = 54A76A192B4DFD92006607FF /* Lab1UITests.xctest */;
			productType = "com.apple.product-type.bundle.ui-testing";
		};
/* End PBXNativeTarget section */

/* Begin PBXProject section */
		54A769F12B4DFD8F006607FF /* Project object */ = {
			isa = PBXProject;
			attributes = {
				BuildIndependentTargetsInParallel = 1;
				LastSwiftUpdateCheck = 1420;
				LastUpgradeCheck = 1420;
				TargetAttributes = {
					54A769F82B4DFD8F006607FF = {
						CreatedOnToolsVersion = 14.2;
					};
					54A76A0E2B4DFD92006607FF = {
						CreatedOnToolsVersion = 14.2;
						TestTargetID = 54A769F82B4DFD8F006607FF;
					};
					54A76A182B4DFD92006607FF = {
						CreatedOnToolsVersion = 14.2;
						TestTargetID = 54A769F82B4DFD8F006607FF;
					};
				};
			};
			buildConfigurationList = 54A769F42B4DFD8F006607FF /* Build configuration list for PBXProject "Lab1" */;
			compatibilityVersion = "Xcode 14.0";
			developmentRegion = en;
			hasScannedForEncodings = 0;
			knownRegions = (
				en,
				Base,
			);
			mainGroup = 54A769F02B4DFD8F006607FF;
			productRefGroup = 54A769FA2B4DFD8F006607FF /* Products */;
			projectDirPath = "";
			projectRoot = "";
			targets = (
				54A769F82B4DFD8F006607FF /* Lab1 */,
				54A76A0E2B4DFD92006607FF /* Lab1Tests */,
				54A76A182B4DFD92006607FF /* Lab1UITests */,
			);
		};
/* End PBXProject section */

/* Begin PBXResourcesBuildPhase section */
		54A769F72B4DFD8F006607FF /* Resources */ = {
			isa = PBXResourcesBuildPhase;
			buildActionMask = 2147483647;
			files = (
				54A76A092B4DFD92006607FF /* LaunchScreen.storyboard in Resources */,
				54A76A062B4DFD92006607FF /* Assets.xcassets in Resources */,
				54A76A042B4DFD8F006607FF /* Main.storyboard in Resources */,
			);
			runOnlyForDeploymentPostprocessing = 0;
		};
		54A76A0D2B4DFD92006607FF /* Resources */ = {
			isa = PBXResourcesBuildPhase;
			buildActionMask = 2147483647;
			files = (
			);
			runOnlyForDeploymentPostprocessing = 0;
		};
		54A76A172B4DFD92006607FF /* Resources */ = {
			isa = PBXResourcesBuildPhase;
			buildActionMask = 2147483647;
			files = (
			);
			runOnlyForDeploymentPostprocessing = 0;
		};
/* End PBXResourcesBuildPhase section */

/* Begin PBXSourcesBuildPhase section */
		54A769F52B4DFD8F006607FF /* Sources */ = {
			isa = PBXSourcesBuildPhase;
			buildActionMask = 2147483647;
			files = (
				54A76A012B4DFD8F006607FF /* ViewController.swift in Sources */,
				54A769FD2B4DFD8F006607FF /* AppDelegate.swift in Sources */,
				54A769FF2B4DFD8F006607FF /* SceneDelegate.swift in Sources */,
			);
			runOnlyForDeploymentPostprocessing = 0;
		};
		54A76A0B2B4DFD92006607FF /* Sources */ = {
			isa = PBXSourcesBuildPhase;
			buildActionMask = 2147483647;
			files = (
				54A76A142B4DFD92006607FF /* Lab1Tests.swift in Sources */,
			);
			runOnlyForDeploymentPostprocessing = 0;
		};
		54A76A152B4DFD92006607FF /* Sources */ = {
			isa = PBXSourcesBuildPhase;
			buildActionMask = 2147483647;
			files = (
				54A76A202B4DFD92006607FF /* Lab1UITestsLaunchTests.swift in Sources */,
				54A76A1E2B4DFD92006607FF /* Lab1UITests.swift in Sources */,
			);
			runOnlyForDeploymentPostprocessing = 0;
		};
/* End PBXSourcesBuildPhase section */

/* Begin PBXTargetDependency section */
		54A76A112B4DFD92006607FF /* PBXTargetDependency */ = {
			isa = PBXTargetDependency;
			target = 54A769F82B4DFD8F006607FF /* Lab1 */;
			targetProxy = 54A76A102B4DFD92006607FF /* PBXContainerItemProxy */;
		};
		54A76A1B2B4DFD92006607FF /* PBXTargetDependency */ = {
			isa = PBXTargetDependency;
			target = 54A769F82B4DFD8F006607FF /* Lab1 */;
			targetProxy = 54A76A1A2B4DFD92006607FF /* PBXContainerItemProxy */;
		};
/* End PBXTargetDependency section */

/* Begin PBXVariantGroup section */
		54A76A022B4DFD8F006607FF /* Main.storyboard */ = {
			isa = PBXVariantGroup;
			children = (
				54A76A032B4DFD8F006607FF /* Base */,
			);
			name = Main.storyboard;
			sourceTree = "<group>";
		};
		54A76A072B4DFD92006607FF /* LaunchScreen.storyboard */ = {
			isa = PBXVariantGroup;
			children = (
				54A76A082B4DFD92006607FF /* Base */,
			);
			name = LaunchScreen.storyboard;
			sourceTree = "<group>";
		};
/* End PBXVariantGroup section */

/* Begin XCBuildConfiguration section */
		54A76A212B4DFD92006607FF /* Debug */ = {
			isa = XCBuildConfiguration;
			buildSettings = {
				ALWAYS_SEARCH_USER_PATHS = NO;
				CLANG_ANALYZER_NONNULL = YES;
				CLANG_ANALYZER_NUMBER_OBJECT_CONVERSION = YES_AGGRESSIVE;
				CLANG_CXX_LANGUAGE_STANDARD = "gnu++20";
				CLANG_ENABLE_MODULES = YES;
				CLANG_ENABLE_OBJC_ARC = YES;
				CLANG_ENABLE_OBJC_WEAK = YES;
				CLANG_WARN_BLOCK_CAPTURE_AUTORELEASING = YES;
				CLANG_WARN_BOOL_CONVERSION = YES;
				CLANG_WARN_COMMA = YES;
				CLANG_WARN_CONSTANT_CONVERSION = YES;
				CLANG_WARN_DEPRECATED_OBJC_IMPLEMENTATIONS = YES;
				CLANG_WARN_DIRECT_OBJC_ISA_USAGE = YES_ERROR;
				CLANG_WARN_DOCUMENTATION_COMMENTS = YES;
				CLANG_WARN_EMPTY_BODY = YES;
				CLANG_WARN_ENUM_CONVERSION = YES;
				CLANG_WARN_INFINITE_RECURSION = YES;
				CLANG_WARN_INT_CONVERSION = YES;
				CLANG_WARN_NON_LITERAL_NULL_CONVERSION = YES;
				CLANG_WARN_OBJC_IMPLICIT_RETAIN_SELF = YES;
				CLANG_WARN_OBJC_LITERAL_CONVERSION = YES;
				CLANG_WARN_OBJC_ROOT_CLASS = YES_ERROR;
				CLANG_WARN_QUOTED_INCLUDE_IN_FRAMEWORK_HEADER = YES;
				CLANG_WARN_RANGE_LOOP_ANALYSIS = YES;
				CLANG_WARN_STRICT_PROTOTYPES = YES;
				CLANG_WARN_SUSPICIOUS_MOVE = YES;
				CLANG_WARN_UNGUARDED_AVAILABILITY = YES_AGGRESSIVE;
				CLANG_WARN_UNREACHABLE_CODE = YES;
				CLANG_WARN__DUPLICATE_METHOD_MATCH = YES;
				COPY_PHASE_STRIP = NO;
				DEBUG_INFORMATION_FORMAT = dwarf;
				ENABLE_STRICT_OBJC_MSGSEND = YES;
				ENABLE_TESTABILITY = YES;
				GCC_C_LANGUAGE_STANDARD = gnu11;
				GCC_DYNAMIC_NO_PIC = NO;
				GCC_NO_COMMON_BLOCKS = YES;
				GCC_OPTIMIZATION_LEVEL = 0;
				GCC_PREPROCESSOR_DEFINITIONS = (
					"DEBUG=1",
					"$(inherited)",
				);
				GCC_WARN_64_TO_32_BIT_CONVERSION = YES;
				GCC_WARN_ABOUT_RETURN_TYPE = YES_ERROR;
				GCC_WARN_UNDECLARED_SELECTOR = YES;
				GCC_WARN_UNINITIALIZED_AUTOS = YES_AGGRESSIVE;
				GCC_WARN_UNUSED_FUNCTION = YES;
				GCC_WARN_UNUSED_VARIABLE = YES;
				IPHONEOS_DEPLOYMENT_TARGET = 16.2;
				MTL_ENABLE_DEBUG_INFO = INCLUDE_SOURCE;
				MTL_FAST_MATH = YES;
				ONLY_ACTIVE_ARCH = YES;
				SDKROOT = iphoneos;
				SWIFT_ACTIVE_COMPILATION_CONDITIONS = DEBUG;
				SWIFT_OPTIMIZATION_LEVEL = "-Onone";
			};
			name = Debug;
		};
		54A76A222B4DFD92006607FF /* Release */ = {
			isa = XCBuildConfiguration;
			buildSettings = {
				ALWAYS_SEARCH_USER_PATHS = NO;
				CLANG_ANALYZER_NONNULL = YES;
				CLANG_ANALYZER_NUMBER_OBJECT_CONVERSION = YES_AGGRESSIVE;
				CLANG_CXX_LANGUAGE_STANDARD = "gnu++20";
				CLANG_ENABLE_MODULES = YES;
				CLANG_ENABLE_OBJC_ARC = YES;
				CLANG_ENABLE_OBJC_WEAK = YES;
				CLANG_WARN_BLOCK_CAPTURE_AUTORELEASING = YES;
				CLANG_WARN_BOOL_CONVERSION = YES;
				CLANG_WARN_COMMA = YES;
				CLANG_WARN_CONSTANT_CONVERSION = YES;
				CLANG_WARN_DEPRECATED_OBJC_IMPLEMENTATIONS = YES;
				CLANG_WARN_DIRECT_OBJC_ISA_USAGE = YES_ERROR;
				CLANG_WARN_DOCUMENTATION_COMMENTS = YES;
				CLANG_WARN_EMPTY_BODY = YES;
				CLANG_WARN_ENUM_CONVERSION = YES;
				CLANG_WARN_INFINITE_RECURSION = YES;
				CLANG_WARN_INT_CONVERSION = YES;
				CLANG_WARN_NON_LITERAL_NULL_CONVERSION = YES;
				CLANG_WARN_OBJC_IMPLICIT_RETAIN_SELF = YES;
				CLANG_WARN_OBJC_LITERAL_CONVERSION = YES;
				CLANG_WARN_OBJC_ROOT_CLASS = YES_ERROR;
				CLANG_WARN_QUOTED_INCLUDE_IN_FRAMEWORK_HEADER = YES;
				CLANG_WARN_RANGE_LOOP_ANALYSIS = YES;
				CLANG_WARN_STRICT_PROTOTYPES = YES;
				CLANG_WARN_SUSPICIOUS_MOVE = YES;
				CLANG_WARN_UNGUARDED_AVAILABILITY = YES_AGGRESSIVE;
				CLANG_WARN_UNREACHABLE_CODE = YES;
				CLANG_WARN__DUPLICATE_METHOD_MATCH = YES;
				COPY_PHASE_STRIP = NO;
				DEBUG_INFORMATION_FORMAT = "dwarf-with-dsym";
				ENABLE_NS_ASSERTIONS = NO;
				ENABLE_STRICT_OBJC_MSGSEND = YES;
				GCC_C_LANGUAGE_STANDARD = gnu11;
				GCC_NO_COMMON_BLOCKS = YES;
				GCC_WARN_64_TO_32_BIT_CONVERSION = YES;
				GCC_WARN_ABOUT_RETURN_TYPE = YES_ERROR;
				GCC_WARN_UNDECLARED_SELECTOR = YES;
				GCC_WARN_UNINITIALIZED_AUTOS = YES_AGGRESSIVE;
				GCC_WARN_UNUSED_FUNCTION = YES;
				GCC_WARN_UNUSED_VARIABLE = YES;
				IPHONEOS_DEPLOYMENT_TARGET = 16.2;
				MTL_ENABLE_DEBUG_INFO = NO;
				MTL_FAST_MATH = YES;
				SDKROOT = iphoneos;
				SWIFT_COMPILATION_MODE = wholemodule;
				SWIFT_OPTIMIZATION_LEVEL = "-O";
				VALIDATE_PRODUCT = YES;
			};
			name = Release;
		};
		54A76A242B4DFD92006607FF /* Debug */ = {
			isa = XCBuildConfiguration;
			buildSettings = {
				ASSETCATALOG_COMPILER_APPICON_NAME = AppIcon;
				ASSETCATALOG_COMPILER_GLOBAL_ACCENT_COLOR_NAME = AccentColor;
				CODE_SIGN_STYLE = Automatic;
				CURRENT_PROJECT_VERSION = 1;
				GENERATE_INFOPLIST_FILE = YES;
				INFOPLIST_FILE = Lab1/Info.plist;
				INFOPLIST_KEY_UIApplicationSupportsIndirectInputEvents = YES;
				INFOPLIST_KEY_UILaunchStoryboardName = LaunchScreen;
				INFOPLIST_KEY_UIMainStoryboardFile = Main;
				INFOPLIST_KEY_UISupportedInterfaceOrientations_iPad = "UIInterfaceOrientationPortrait UIInterfaceOrientationPortraitUpsideDown UIInterfaceOrientationLandscapeLeft UIInterfaceOrientationLandscapeRight";
				INFOPLIST_KEY_UISupportedInterfaceOrientations_iPhone = "UIInterfaceOrientationPortrait UIInterfaceOrientationLandscapeLeft UIInterfaceOrientationLandscapeRight";
				LD_RUNPATH_SEARCH_PATHS = (
					"$(inherited)",
					"@executable_path/Frameworks",
				);
				MARKETING_VERSION = 1.0;
				PRODUCT_BUNDLE_IDENTIFIER = com.jan9.Lab1;
				PRODUCT_NAME = "$(TARGET_NAME)";
				SWIFT_EMIT_LOC_STRINGS = YES;
				SWIFT_VERSION = 5.0;
				TARGETED_DEVICE_FAMILY = "1,2";
			};
			name = Debug;
		};
		54A76A252B4DFD92006607FF /* Release */ = {
			isa = XCBuildConfiguration;
			buildSettings = {
				ASSETCATALOG_COMPILER_APPICON_NAME = AppIcon;
				ASSETCATALOG_COMPILER_GLOBAL_ACCENT_COLOR_NAME = AccentColor;
				CODE_SIGN_STYLE = Automatic;
				CURRENT_PROJECT_VERSION = 1;
				GENERATE_INFOPLIST_FILE = YES;
				INFOPLIST_FILE = Lab1/Info.plist;
				INFOPLIST_KEY_UIApplicationSupportsIndirectInputEvents = YES;
				INFOPLIST_KEY_UILaunchStoryboardName = LaunchScreen;
				INFOPLIST_KEY_UIMainStoryboardFile = Main;
				INFOPLIST_KEY_UISupportedInterfaceOrientations_iPad = "UIInterfaceOrientationPortrait UIInterfaceOrientationPortraitUpsideDown UIInterfaceOrientationLandscapeLeft UIInterfaceOrientationLandscapeRight";
				INFOPLIST_KEY_UISupportedInterfaceOrientations_iPhone = "UIInterfaceOrientationPortrait UIInterfaceOrientationLandscapeLeft UIInterfaceOrientationLandscapeRight";
				LD_RUNPATH_SEARCH_PATHS = (
					"$(inherited)",
					"@executable_path/Frameworks",
				);
				MARKETING_VERSION = 1.0;
				PRODUCT_BUNDLE_IDENTIFIER = com.jan9.Lab1;
				PRODUCT_NAME = "$(TARGET_NAME)";
				SWIFT_EMIT_LOC_STRINGS = YES;
				SWIFT_VERSION = 5.0;
				TARGETED_DEVICE_FAMILY = "1,2";
			};
			name = Release;
		};
		54A76A272B4DFD92006607FF /* Debug */ = {
			isa = XCBuildConfiguration;
			buildSettings = {
				ALWAYS_EMBED_SWIFT_STANDARD_LIBRARIES = YES;
				BUNDLE_LOADER = "$(TEST_HOST)";
				CODE_SIGN_STYLE = Automatic;
				CURRENT_PROJECT_VERSION = 1;
				GENERATE_INFOPLIST_FILE = YES;
				IPHONEOS_DEPLOYMENT_TARGET = 16.2;
				MARKETING_VERSION = 1.0;
				PRODUCT_BUNDLE_IDENTIFIER = com.jan9.Lab1Tests;
				PRODUCT_NAME = "$(TARGET_NAME)";
				SWIFT_EMIT_LOC_STRINGS = NO;
				SWIFT_VERSION = 5.0;
				TARGETED_DEVICE_FAMILY = "1,2";
				TEST_HOST = "$(BUILT_PRODUCTS_DIR)/Lab1.app/$(BUNDLE_EXECUTABLE_FOLDER_PATH)/Lab1";
			};
			name = Debug;
		};
		54A76A282B4DFD92006607FF /* Release */ = {
			isa = XCBuildConfiguration;
			buildSettings = {
				ALWAYS_EMBED_SWIFT_STANDARD_LIBRARIES = YES;
				BUNDLE_LOADER = "$(TEST_HOST)";
				CODE_SIGN_STYLE = Automatic;
				CURRENT_PROJECT_VERSION = 1;
				GENERATE_INFOPLIST_FILE = YES;
				IPHONEOS_DEPLOYMENT_TARGET = 16.2;
				MARKETING_VERSION = 1.0;
				PRODUCT_BUNDLE_IDENTIFIER = com.jan9.Lab1Tests;
				PRODUCT_NAME = "$(TARGET_NAME)";
				SWIFT_EMIT_LOC_STRINGS = NO;
				SWIFT_VERSION = 5.0;
				TARGETED_DEVICE_FAMILY = "1,2";
				TEST_HOST = "$(BUILT_PRODUCTS_DIR)/Lab1.app/$(BUNDLE_EXECUTABLE_FOLDER_PATH)/Lab1";
			};
			name = Release;
		};
		54A76A2A2B4DFD92006607FF /* Debug */ = {
			isa = XCBuildConfiguration;
			buildSettings = {
				ALWAYS_EMBED_SWIFT_STANDARD_LIBRARIES = YES;
				CODE_SIGN_STYLE = Automatic;
				CURRENT_PROJECT_VERSION = 1;
				GENERATE_INFOPLIST_FILE = YES;
				MARKETING_VERSION = 1.0;
				PRODUCT_BUNDLE_IDENTIFIER = com.jan9.Lab1UITests;
				PRODUCT_NAME = "$(TARGET_NAME)";
				SWIFT_EMIT_LOC_STRINGS = NO;
				SWIFT_VERSION = 5.0;
				TARGETED_DEVICE_FAMILY = "1,2";
				TEST_TARGET_NAME = Lab1;
			};
			name = Debug;
		};
		54A76A2B2B4DFD92006607FF /* Release */ = {
			isa = XCBuildConfiguration;
			buildSettings = {
				ALWAYS_EMBED_SWIFT_STANDARD_LIBRARIES = YES;
				CODE_SIGN_STYLE = Automatic;
				CURRENT_PROJECT_VERSION = 1;
				GENERATE_INFOPLIST_FILE = YES;
				MARKETING_VERSION = 1.0;
				PRODUCT_BUNDLE_IDENTIFIER = com.jan9.Lab1UITests;
				PRODUCT_NAME = "$(TARGET_NAME)";
				SWIFT_EMIT_LOC_STRINGS = NO;
				SWIFT_VERSION = 5.0;
				TARGETED_DEVICE_FAMILY = "1,2";
				TEST_TARGET_NAME = Lab1;
			};
			name = Release;
		};
/* End XCBuildConfiguration section */

/* Begin XCConfigurationList section */
		54A769F42B4DFD8F006607FF /* Build configuration list for PBXProject "Lab1" */ = {
			isa = XCConfigurationList;
			buildConfigurations = (
				54A76A212B4DFD92006607FF /* Debug */,
				54A76A222B4DFD92006607FF /* Release */,
			);
			defaultConfigurationIsVisible = 0;
			defaultConfigurationName = Release;
		};
		54A76A232B4DFD92006607FF /* Build configuration list for PBXNativeTarget "Lab1" */ = {
			isa = XCConfigurationList;
			buildConfigurations = (
				54A76A242B4DFD92006607FF /* Debug */,
				54A76A252B4DFD92006607FF /* Release */,
			);
			defaultConfigurationIsVisible = 0;
			defaultConfigurationName = Release;
		};
		54A76A262B4DFD92006607FF /* Build configuration list for PBXNativeTarget "Lab1Tests" */ = {
			isa = XCConfigurationList;
			buildConfigurations = (
				54A76A272B4DFD92006607FF /* Debug */,
				54A76A282B4DFD92006607FF /* Release */,
			);
			defaultConfigurationIsVisible = 0;
			defaultConfigurationName = Release;
		};
		54A76A292B4DFD92006607FF /* Build configuration list for PBXNativeTarget "Lab1UITests" */ = {
			isa = XCConfigurationList;
			buildConfigurations = (
				54A76A2A2B4DFD92006607FF /* Debug */,
				54A76A2B2B4DFD92006607FF /* Release */,
			);
			defaultConfigurationIsVisible = 0;
			defaultConfigurationName = Release;
		};
/* End XCConfigurationList section */
	};
	rootObject = 54A769F12B4DFD8F006607FF /* Project object */;
}
